
Microsoft Visual Studio Solution File, Format Version 12.00
# Visual Studio Version 16
VisualStudioVersion = 16.0.30002.166
MinimumVisualStudioVersion = 10.0.40219.1
Project("{FAE04EC0-301F-11D3-BF4B-00C04F79EFBC}") = "Sistema.View", "Sistema.View.csproj", "{EF699FE8-750E-45AA-A61C-715DF1B7A682}"
EndProject
Project("{FAE04EC0-301F-11D3-BF4B-00C04F79EFBC}") = "Sistema.Model", "..\Sistema.Model\Sistema.Model.csproj", "{A2A39035-9367-467E-BC71-A05671FD8B8C}"
EndProject
Project("{FAE04EC0-301F-11D3-BF4B-00C04F79EFBC}") = "Sistema.DAO", "..\Sistema.DAO\Sistema.DAO.csproj", "{EFB2E63A-A48F-4A99-B467-3603ABA6BCD9}"
EndProject
Project("{FAE04EC0-301F-11D3-BF4B-00C04F79EFBC}") = "Sistema.Entidades", "..\Sistema.Entidades\Sistema.Entidades.csproj", "{F4A037E2-2983-4EB5-AED6-DF67E8B465E0}"
EndProject
Global
	GlobalSection(SolutionConfigurationPlatforms) = preSolution
		Debug|Any CPU = Debug|Any CPU
		Release|Any CPU = Release|Any CPU
	EndGlobalSection
	GlobalSection(ProjectConfigurationPlatforms) = postSolution
		{EF699FE8-750E-45AA-A61C-715DF1B7A682}.Debug|Any CPU.ActiveCfg = Debug|Any CPU
		{EF699FE8-750E-45AA-A61C-715DF1B7A682}.Debug|Any CPU.Build.0 = Debug|Any CPU
		{EF699FE8-750E-45AA-A61C-715DF1B7A682}.Release|Any CPU.ActiveCfg = Release|Any CPU
		{EF699FE8-750E-45AA-A61C-715DF1B7A682}.Release|Any CPU.Build.0 = Release|Any CPU
		{A2A39035-9367-467E-BC71-A05671FD8B8C}.Debug|Any CPU.ActiveCfg = Debug|Any CPU
		{A2A39035-9367-467E-BC71-A05671FD8B8C}.Debug|Any CPU.Build.0 = Debug|Any CPU
		{A2A39035-9367-467E-BC71-A05671FD8B8C}.Release|Any CPU.ActiveCfg = Release|Any CPU
		{A2A39035-9367-467E-BC71-A05671FD8B8C}.Release|Any CPU.Build.0 = Release|Any CPU
		{EFB2E63A-A48F-4A99-B467-3603ABA6BCD9}.Debug|Any CPU.ActiveCfg = Debug|Any CPU
		{EFB2E63A-A48F-4A99-B467-3603ABA6BCD9}.Debug|Any CPU.Build.0 = Debug|Any CPU
		{EFB2E63A-A48F-4A99-B467-3603ABA6BCD9}.Release|Any CPU.ActiveCfg = Release|Any CPU
		{EFB2E63A-A48F-4A99-B467-3603ABA6BCD9}.Release|Any CPU.Build.0 = Release|Any CPU
		{F4A037E2-2983-4EB5-AED6-DF67E8B465E0}.Debug|Any CPU.ActiveCfg = Debug|Any CPU
		{F4A037E2-2983-4EB5-AED6-DF67E8B465E0}.Debug|Any CPU.Build.0 = Debug|Any CPU
		{F4A037E2-2983-4EB5-AED6-DF67E8B465E0}.Release|Any CPU.ActiveCfg = Release|Any CPU
		{F4A037E2-2983-4EB5-AED6-DF67E8B465E0}.Release|Any CPU.Build.0 = Release|Any CPU
	EndGlobalSection
	GlobalSection(SolutionProperties) = preSolution
		HideSolutionNode = FALSE
	EndGlobalSection
	GlobalSection(ExtensibilityGlobals) = postSolution
		SolutionGuid = {6DAD4EB0-D1AE-48EE-BF5F-FC116C227465}
	EndGlobalSection
EndGlobal
